
Microsoft Visual Studio Solution File, Format Version 12.00
# Visual Studio Version 17
VisualStudioVersion = 17.10.35122.118
MinimumVisualStudioVersion = 10.0.40219.1
Project("{FAE04EC0-301F-11D3-BF4B-00C04F79EFBC}") = "PresentationLayer", "PresentationLayer\PresentationLayer.csproj", "{BB26F38F-1DF2-4D4C-BF5D-97EBF7D7C444}"
EndProject
Project("{FAE04EC0-301F-11D3-BF4B-00C04F79EFBC}") = "BusinessLayer", "BusinessLayer\BusinessLayer.csproj", "{3F884EED-D783-48DA-B806-185940F2F700}"
EndProject
Project("{FAE04EC0-301F-11D3-BF4B-00C04F79EFBC}") = "DataAccessLayer", "DataAccessLayer\DataAccessLayer.csproj", "{5C094B49-3B4F-4206-8260-0F492525CDFD}"
EndProject
Global
	GlobalSection(SolutionConfigurationPlatforms) = preSolution
		Debug|Any CPU = Debug|Any CPU
		Release|Any CPU = Release|Any CPU
	EndGlobalSection
	GlobalSection(ProjectConfigurationPlatforms) = postSolution
		{BB26F38F-1DF2-4D4C-BF5D-97EBF7D7C444}.Debug|Any CPU.ActiveCfg = Debug|Any CPU
		{BB26F38F-1DF2-4D4C-BF5D-97EBF7D7C444}.Debug|Any CPU.Build.0 = Debug|Any CPU
		{BB26F38F-1DF2-4D4C-BF5D-97EBF7D7C444}.Release|Any CPU.ActiveCfg = Release|Any CPU
		{BB26F38F-1DF2-4D4C-BF5D-97EBF7D7C444}.Release|Any CPU.Build.0 = Release|Any CPU
		{3F884EED-D783-48DA-B806-185940F2F700}.Debug|Any CPU.ActiveCfg = Debug|Any CPU
		{3F884EED-D783-48DA-B806-185940F2F700}.Debug|Any CPU.Build.0 = Debug|Any CPU
		{3F884EED-D783-48DA-B806-185940F2F700}.Release|Any CPU.ActiveCfg = Release|Any CPU
		{3F884EED-D783-48DA-B806-185940F2F700}.Release|Any CPU.Build.0 = Release|Any CPU
		{5C094B49-3B4F-4206-8260-0F492525CDFD}.Debug|Any CPU.ActiveCfg = Debug|Any CPU
		{5C094B49-3B4F-4206-8260-0F492525CDFD}.Debug|Any CPU.Build.0 = Debug|Any CPU
		{5C094B49-3B4F-4206-8260-0F492525CDFD}.Release|Any CPU.ActiveCfg = Release|Any CPU
		{5C094B49-3B4F-4206-8260-0F492525CDFD}.Release|Any CPU.Build.0 = Release|Any CPU
	EndGlobalSection
	GlobalSection(SolutionProperties) = preSolution
		HideSolutionNode = FALSE
	EndGlobalSection
	GlobalSection(ExtensibilityGlobals) = postSolution
		SolutionGuid = {8E4EF9A6-C2F0-4F43-A798-ED1EA5BE9023}
	EndGlobalSection
EndGlobal
