
Microsoft Visual Studio Solution File, Format Version 12.00
# Visual Studio Version 17
VisualStudioVersion = 17.10.35122.118
MinimumVisualStudioVersion = 10.0.40219.1
Project("{9A19103F-16F7-4668-BE54-9A1E7A4F7556}") = "PresentationLayer", "PresentationLayer\PresentationLayer.csproj", "{BB26F38F-1DF2-4D4C-BF5D-97EBF7D7C444}"
EndProject
Project("{9A19103F-16F7-4668-BE54-9A1E7A4F7556}") = "BusinessLayer", "BusinessLayer\BusinessLayer.csproj", "{3F884EED-D783-48DA-B806-185940F2F700}"
EndProject
Project("{9A19103F-16F7-4668-BE54-9A1E7A4F7556}") = "DataAccessLayer", "DataAccessLayer\DataAccessLayer.csproj", "{5C094B49-3B4F-4206-8260-0F492525CDFD}"
EndProject
Project("{9A19103F-16F7-4668-BE54-9A1E7A4F7556}") = "DataAccessLayer_DatabaseFirst", "DataAccessLayer_DatabaseFirst\DataAccessLayer_DatabaseFirst.csproj", "{09EA46F8-4F36-4467-AE8A-EF9719AED931}"
EndProject
Project("{FAE04EC0-301F-11D3-BF4B-00C04F79EFBC}") = "TPH", "TPH\TPH.csproj", "{9DF6BF6D-699E-4824-AD23-75EA75567AEB}"
EndProject
Project("{FAE04EC0-301F-11D3-BF4B-00C04F79EFBC}") = "TPH_AllHierarchy", "TPH_AllHierarchy\TPH_AllHierarchy.csproj", "{AAE2BEDA-43A3-4DC3-BFE7-346DFD4497E7}"
EndProject
Project("{FAE04EC0-301F-11D3-BF4B-00C04F79EFBC}") = "TPT", "TPT\TPT.csproj", "{FBD23918-2B20-43CD-9976-B9870F504A53}"
EndProject
Project("{FAE04EC0-301F-11D3-BF4B-00C04F79EFBC}") = "TPT_Ver2", "TPT_Ver2\TPT_Ver2.csproj", "{C2197AB0-62E9-4978-8DAD-3C8B53BEAA7C}"
EndProject
Global
	GlobalSection(SolutionConfigurationPlatforms) = preSolution
		Debug|Any CPU = Debug|Any CPU
		Release|Any CPU = Release|Any CPU
	EndGlobalSection
	GlobalSection(ProjectConfigurationPlatforms) = postSolution
		{BB26F38F-1DF2-4D4C-BF5D-97EBF7D7C444}.Debug|Any CPU.ActiveCfg = Debug|Any CPU
		{BB26F38F-1DF2-4D4C-BF5D-97EBF7D7C444}.Debug|Any CPU.Build.0 = Debug|Any CPU
		{BB26F38F-1DF2-4D4C-BF5D-97EBF7D7C444}.Release|Any CPU.ActiveCfg = Release|Any CPU
		{BB26F38F-1DF2-4D4C-BF5D-97EBF7D7C444}.Release|Any CPU.Build.0 = Release|Any CPU
		{3F884EED-D783-48DA-B806-185940F2F700}.Debug|Any CPU.ActiveCfg = Debug|Any CPU
		{3F884EED-D783-48DA-B806-185940F2F700}.Debug|Any CPU.Build.0 = Debug|Any CPU
		{3F884EED-D783-48DA-B806-185940F2F700}.Release|Any CPU.ActiveCfg = Release|Any CPU
		{3F884EED-D783-48DA-B806-185940F2F700}.Release|Any CPU.Build.0 = Release|Any CPU
		{5C094B49-3B4F-4206-8260-0F492525CDFD}.Debug|Any CPU.ActiveCfg = Debug|Any CPU
		{5C094B49-3B4F-4206-8260-0F492525CDFD}.Debug|Any CPU.Build.0 = Debug|Any CPU
		{5C094B49-3B4F-4206-8260-0F492525CDFD}.Release|Any CPU.ActiveCfg = Release|Any CPU
		{5C094B49-3B4F-4206-8260-0F492525CDFD}.Release|Any CPU.Build.0 = Release|Any CPU
		{09EA46F8-4F36-4467-AE8A-EF9719AED931}.Debug|Any CPU.ActiveCfg = Debug|Any CPU
		{09EA46F8-4F36-4467-AE8A-EF9719AED931}.Debug|Any CPU.Build.0 = Debug|Any CPU
		{09EA46F8-4F36-4467-AE8A-EF9719AED931}.Release|Any CPU.ActiveCfg = Release|Any CPU
		{09EA46F8-4F36-4467-AE8A-EF9719AED931}.Release|Any CPU.Build.0 = Release|Any CPU
		{9DF6BF6D-699E-4824-AD23-75EA75567AEB}.Debug|Any CPU.ActiveCfg = Debug|Any CPU
		{9DF6BF6D-699E-4824-AD23-75EA75567AEB}.Debug|Any CPU.Build.0 = Debug|Any CPU
		{9DF6BF6D-699E-4824-AD23-75EA75567AEB}.Release|Any CPU.ActiveCfg = Release|Any CPU
		{9DF6BF6D-699E-4824-AD23-75EA75567AEB}.Release|Any CPU.Build.0 = Release|Any CPU
		{AAE2BEDA-43A3-4DC3-BFE7-346DFD4497E7}.Debug|Any CPU.ActiveCfg = Debug|Any CPU
		{AAE2BEDA-43A3-4DC3-BFE7-346DFD4497E7}.Debug|Any CPU.Build.0 = Debug|Any CPU
		{AAE2BEDA-43A3-4DC3-BFE7-346DFD4497E7}.Release|Any CPU.ActiveCfg = Release|Any CPU
		{AAE2BEDA-43A3-4DC3-BFE7-346DFD4497E7}.Release|Any CPU.Build.0 = Release|Any CPU
		{FBD23918-2B20-43CD-9976-B9870F504A53}.Debug|Any CPU.ActiveCfg = Debug|Any CPU
		{FBD23918-2B20-43CD-9976-B9870F504A53}.Debug|Any CPU.Build.0 = Debug|Any CPU
		{FBD23918-2B20-43CD-9976-B9870F504A53}.Release|Any CPU.ActiveCfg = Release|Any CPU
		{FBD23918-2B20-43CD-9976-B9870F504A53}.Release|Any CPU.Build.0 = Release|Any CPU
		{C2197AB0-62E9-4978-8DAD-3C8B53BEAA7C}.Debug|Any CPU.ActiveCfg = Debug|Any CPU
		{C2197AB0-62E9-4978-8DAD-3C8B53BEAA7C}.Debug|Any CPU.Build.0 = Debug|Any CPU
		{C2197AB0-62E9-4978-8DAD-3C8B53BEAA7C}.Release|Any CPU.ActiveCfg = Release|Any CPU
		{C2197AB0-62E9-4978-8DAD-3C8B53BEAA7C}.Release|Any CPU.Build.0 = Release|Any CPU
	EndGlobalSection
	GlobalSection(SolutionProperties) = preSolution
		HideSolutionNode = FALSE
	EndGlobalSection
	GlobalSection(ExtensibilityGlobals) = postSolution
		SolutionGuid = {8E4EF9A6-C2F0-4F43-A798-ED1EA5BE9023}
	EndGlobalSection
EndGlobal
